{
    "_meta": {
        "hash": {
            "sha256": "b169bfdd7258e1ba5513d4c4e0d36fbd467262f1b7438b7aedfc90a07405dd40"
        },
        "pipfile-spec": 6,
        "requires": {
            "python_version": "3"
        },
        "sources": [
            {
                "name": "pypi",
                "url": "https://pypi.org/simple",
                "verify_ssl": true
            }
        ]
    },
    "default": {
        "annotated-doc": {
            "hashes": [
                "sha256:571ac1dc6991c450b25a9c2d84a3705e2ae7a53467b5d111c24fa8baabbed320",
                "sha256:fbcda96e87e9c92ad167c2e53839e57503ecfda18804ea28102353485033faa4"
            ],
            "markers": "python_version >= '3.8'",
            "version": "==0.0.4"
        },
        "annotated-types": {
            "hashes": [
                "sha256:1f02e8b43a8fbbc3f3e0d4f0f4bfc8131bcb4eebe8849b8e5c773f3a1c582a53",
                "sha256:aff07c09a53a08bc8cfccb9c85b05f1aa9a2a6f23728d790723543408344ce89"
            ],
            "markers": "python_version >= '3.8'",
            "version": "==0.7.0"
        },
        "anyio": {
            "hashes": [
                "sha256:41cfcc3a4c85d3f05c932da7c26d0201ac36f72abd4435ba90d0464a3ffed703",
                "sha256:d405828884fc140aa80a3c667b8beed277f1dfedec42ba031bd6ac3db606ab6c"
            ],
            "markers": "python_version >= '3.9'",
            "version": "==4.12.1"
        },
        "certifi": {
            "hashes": [
                "sha256:9943707519e4add1115f44c2bc244f782c0249876bf51b6599fee1ffbedd685c",
                "sha256:ac726dd470482006e014ad384921ed6438c457018f4b3d204aea4281258b2120"
            ],
            "markers": "python_version >= '3.7'",
            "version": "==2026.1.4"
        },
        "distro": {
            "hashes": [
                "sha256:2fa77c6fd8940f116ee1d6b94a2f90b13b5ea8d019b98bc8bafdcabcdd9bdbed",
                "sha256:7bffd925d65168f85027d8da9af6bddab658135b840670a223589bc0c8ef02b2"
            ],
            "markers": "python_version >= '3.6'",
            "version": "==1.9.0"
        },
        "fastapi": {
            "hashes": [
                "sha256:ca8e932b2b823ec1721c641e3669472c855ad9564a2854c9899d904c2848b8b9",
                "sha256:f2d80b49a86a846b70cc3a03eb5ea6ad2939298bf6a7fe377aa9cd3dd079d358"
            ],
            "index": "pypi",
            "markers": "python_version >= '3.8'",
            "version": "==0.121.2"
        },
        "h11": {
            "hashes": [
                "sha256:4e35b956cf45792e4caa5885e69fba00bdbc6ffafbfa020300e549b208ee5ff1",
                "sha256:63cf8bbe7522de3bf65932fda1d9c2772064ffb3dae62d55932da54b31cb6c86"
            ],
            "markers": "python_version >= '3.8'",
            "version": "==0.16.0"
        },
        "httpcore": {
            "hashes": [
                "sha256:2d400746a40668fc9dec9810239072b40b4484b640a8c38fd654a024c7a1bf55",
                "sha256:6e34463af53fd2ab5d807f399a9b45ea31c3dfa2276f15a2c3f00afff6e176e8"
            ],
            "markers": "python_version >= '3.8'",
            "version": "==1.0.9"
        },
        "httpx": {
            "hashes": [
                "sha256:7bb2708e112d8fdd7829cd4243970f0c223274051cb35ee80c03301ee29a3df0",
                "sha256:f7c2be1d2f3c3c3160d441802406b206c2b76f5947b11115e6df10c6c65e66c2"
            ],
            "index": "pypi",
            "markers": "python_version >= '3.8'",
            "version": "==0.27.2"
        },
        "idna": {
            "hashes": [
                "sha256:771a87f49d9defaf64091e6e6fe9c18d4833f140bd19464795bc32d966ca37ea",
                "sha256:795dafcc9c04ed0c1fb032c2aa73654d8e8c5023a7df64a53f39190ada629902"
            ],
            "markers": "python_version >= '3.8'",
            "version": "==3.11"
        },
        "jiter": {
            "hashes": [
                "sha256:048485c654b838140b007390b8182ba9774621103bd4d77c9c3f6f117474ba45",
                "sha256:06cb970936c65de926d648af0ed3d21857f026b1cf5525cb2947aa5e01e05789",
                "sha256:0a51bad79f8cc9cac2b4b705039f814049142e0050f30d91695a2d9a6611f126",
                "sha256:122046f3b3710b85de99d9aa2f3f0492a8233a2f54a64902b096efc27ea747b5",
                "sha256:15d7fafb81af8a9e3039fc305529a61cd933eecee33b4251878a1c89859552a3",
                "sha256:1b135ebe757a82d67ed2821526e72d0acf87dd61f6013e20d3c45b8048af927b",
                "sha256:1eb5db8d9c65b112aacf14fcd0faae9913d07a8afea5ed06ccdd12b724e966a1",
                "sha256:2218228a077e784c6c8f1a8e5d6b8cb1dea62ce25811c356364848554b2056cd",
                "sha256:26b9e155ddc132225a39b1995b3b9f0fe0f79a6d5cbbeacf103271e7d309b404",
                "sha256:27ec39225e03c32c6b863ba879deb427882f243ae46f0d82d68b695fa5b48b40",
                "sha256:2a5e90604620f94bf62264e7c2c038704d38217b7465b863896c6d7c902b06c7",
                "sha256:2a67b678f6a5f1dd6c36d642d7db83e456bc8b104788262aaefc11a22339f5a9",
                "sha256:2fa940963bf02e1d8226027ef461e36af472dea85d36054ff835aeed944dd873",
                "sha256:305e061fa82f4680607a775b2e8e0bcb071cd2205ac38e6ef48c8dd5ebe1cf37",
                "sha256:351d54f2b09a41600ffea43d081522d792e81dcfb915f6d2d242744c1cc48beb",
                "sha256:35506cb71f47dba416694e67af996bbdefb8e3608f1f78799c2e1f9058b01ceb",
                "sha256:364f1a7294c91281260364222f535bc427f56d4de1d8ffd718162d21fbbd602e",
                "sha256:37f27a32ce36364d2fa4f7fdc507279db604d27d239ea2e044c8f148410defe1",
                "sha256:3985aea37d40a908f887b34d05111e0aae822943796ebf8338877fee2ab67725",
                "sha256:3a585a5e42d25f2e71db5f10b171f5e5ea641d3aa44f7df745aa965606111cc2",
                "sha256:3a64a48d7c917b8f32f25c176df8749ecf08cec17c466114727efe7441e17f6d",
                "sha256:3f9b1cda8fcb736250d7e8711d4580ebf004a46771432be0ae4796944b5dfa5d",
                "sha256:41da8def934bf7bec16cb24bd33c0ca62126d2d45d81d17b864bd5ad721393c3",
                "sha256:4321e8a3d868919bcb1abb1db550d41f2b5b326f72df29e53b2df8b006eb9403",
                "sha256:453b6035672fecce8007465896a25b28a6b59cfe8fbc974b2563a92f5a92a67c",
                "sha256:4739a4657179ebf08f85914ce50332495811004cc1747852e8b2041ed2aab9b8",
                "sha256:4747de73d6b8c78f2e253a2787930f4fffc68da7fa319739f57437f95963c4de",
                "sha256:4a612534770470686cd5431478dc5a1b660eceb410abade6b1b74e320ca98de6",
                "sha256:4e017c417b1ebda911bd13b1e40612704b1f5420e30695112efdbed8a4b389ed",
                "sha256:506c9708dd29b27288f9f8f1140c3cb0e3d8ddb045956d7757b1fa0e0f39a473",
                "sha256:53839b35a38f56b8be26a7851a48b89bc47e5d88e900929df10ed93b95fea3d6",
                "sha256:59f9f9df87ed499136db1c2b6c9efb902f964bed42a582ab7af413b6a293e7b0",
                "sha256:5ab4c823b216a4aeab3fdbf579c5843165756bd9ad87cc6b1c65919c4715f783",
                "sha256:5c1860627048e302a528333c9307c818c547f214d8659b0705d2195e1a94b274",
                "sha256:635e737fbb7315bef0037c19b88b799143d2d7d3507e61a76751025226b3ac87",
                "sha256:64dfcd7d5c168b38d3f9f8bba7fc639edb3418abcc74f22fdbe6b8938293f30b",
                "sha256:65f04a9d0b4406f7e51279710b27484af411896246200e461d80d3ba0caa901a",
                "sha256:6cc49d5130a14b732e0612bc76ae8db3b49898732223ef8b7599aa8d9810683e",
                "sha256:726c764a90c9218ec9e4f99a33d6bf5ec169163f2ca0fc21b654e88c2abc0abc",
                "sha256:73c568cc27c473f82480abc15d1301adf333a7ea4f2e813d6a2c7d8b6ba8d0df",
                "sha256:75fdd787356c1c13a4f40b43c2156276ef7a71eb487d98472476476d803fb2cf",
                "sha256:774ff60b27a84a85b27b88cd5583899c59940bcc126caca97eb2a9df6aa00c49",
                "sha256:79307d74ea83465b0152fa23e5e297149506435535282f979f18b9033c0bb025",
                "sha256:796f466b7942107eb889c08433b6e31b9a7ed31daceaecf8af1be26fb26c0ca8",
                "sha256:798e46eed9eb10c3adbbacbd3bdb5ecd4cf7064e453d00dbef08802dae6937ff",
                "sha256:85ee4d25805d4fb23f0a5167a962ef8e002dbfb29c0989378488e32cf2744b62",
                "sha256:88ef757017e78d2860f96250f9393b7b577b06a956ad102c29c8237554380db3",
                "sha256:89163163c0934854a668ed783a2546a0617f71706a2551a4a0666d91ab365d6b",
                "sha256:89b0bfb8b2bf2351fba36bb211ef8bfceba73ef58e7f0c68fb67b5a2795ca2f9",
                "sha256:8bbcfe2791dfdb7c5e48baf646d37a6a3dcb5a97a032017741dea9f817dca183",
                "sha256:8f2607185ea89b4af9a604d4c7ec40e45d3ad03ee66998b031134bc510232bb7",
                "sha256:90d32894d4c6877a87ae00c6b915b609406819dce8bc0d4e962e4de2784e567e",
                "sha256:92d1f41211d8a8fe412faad962d424d334764c01dac6691c44691c2e4d3eedaf",
                "sha256:9354ccaa2982bf2188fd5f57f79f800ef622ec67beb8329903abf6b10da7d423",
                "sha256:94f669548e55c91ab47fef8bddd9c954dab1938644e715ea49d7e117015110a4",
                "sha256:9ab05b7c58e29bb9e60b70c2e0094c98df79a1e42e397b9bb6eaa989b7a66dd0",
                "sha256:9c44ee814f499c082e69872d426b624987dbc5943ab06e9bbaa4f81989fdb79e",
                "sha256:a78befb9cc0a45b5a5a0d537b06f8544c2ebb60d19d02c41ff15da28a9e22d42",
                "sha256:a947920902420a6ada6ad51892082521978e9dd44a802663b001436e4b771684",
                "sha256:add5e227e0554d3a52cf390a7635edaffdf4f8fce4fdbcef3cc2055bb396a30c",
                "sha256:b111b0e9152fa7df870ecaebb0bd30240d9f7fff1f2003bcb4ed0f519941820b",
                "sha256:b1207af186495f48f72529f8d86671903c8c10127cac6381b11dddc4aaa52df6",
                "sha256:b3f1368f0a6719ea80013a4eb90ba72e75d7ea67cfc7846db2ca504f3df0169a",
                "sha256:b6ae2aec8217327d872cbfb2c1694489057b9433afce447955763e6ab015b4c4",
                "sha256:baa47810c5565274810b726b0dc86d18dce5fd17b190ebdc3890851d7b2a0e74",
                "sha256:bbc0944aa3d4b4773e348cda635252824a78f4ba44328e042ef1ff3f6080d1cf",
                "sha256:bd9e21d34edff5a663c631f850edcb786719c960ce887a5661e9c828a53a95d9",
                "sha256:c24e864cb30ab82311c6425655b0cdab0a98c5d973b065c66a3f020740c2324c",
                "sha256:c46d927acd09c67a9fb1416df45c5a04c27e83aae969267e98fba35b74e99525",
                "sha256:c5433fab222fb072237df3f637d01b81f040a07dcac1cb4a5c75c7aa9ed0bef1",
                "sha256:c596cc0f4cb574877550ce4ecd51f8037469146addd676d7c1a30ebe6391923f",
                "sha256:c7f49ce90a71e44f7e1aa9e7ec415b9686bbc6a5961e57eab511015e6759bc11",
                "sha256:c97b92c54fe6110138c872add030a1f99aea2401ddcdaa21edf74705a646dd60",
                "sha256:c9d28b218d5f9e5f69a0787a196322a5056540cb378cac8ff542b4fa7219966c",
                "sha256:ca264b9603973c2ad9435c71a8ec8b49f8f715ab5ba421c85a51cde9887e421f",
                "sha256:cb00ef392e7d684f2754598c02c409f376ddcef857aae796d559e6cacc2d78a5",
                "sha256:cd2097de91cf03eaa27b3cbdb969addf83f0179c6afc41bbc4513705e013c65d",
                "sha256:cf6e6dd18927121fec86739f1a8906944703941d000f0639f3eb6281cc601dca",
                "sha256:d0ee12028daf8cfcf880dd492349a122a64f42c059b6c62a2b0c96a83a8da820",
                "sha256:d3719596a1ebe7a48a498e8d5d0c4bf7553321d4c3eee1d620628d51351a3928",
                "sha256:d72f3b5a432a4c546ea4bedc84cce0c3404874f1d1676260b9c7f048a9855451",
                "sha256:d779d97c834b4278276ec703dc3fc1735fca50af63eb7262f05bdb4e62203d44",
                "sha256:d8f8a7e317190b2c2d60eb2e8aa835270b008139562d70fe732e1c0020ec53c9",
                "sha256:d96b264ab7d34bbb2312dedc47ce07cd53f06835eacbc16dde3761f47c3a9e7f",
                "sha256:da25c62d4ee1ffbacb97fac6dfe4dcd6759ebdc9015991e92a6eae5816287f44",
                "sha256:deeb12a2223fe0135c7ff1356a143d57f95bbf1f4a66584f1fc74df21d86b993",
                "sha256:df37577a4f8408f7e0ec3205d2a8f87672af8f17008358063a4d6425b6081ce3",
                "sha256:e1fe01c082f6aafbe5c8faf0ff074f38dfb911d53f07ec333ca03f8f6226debf",
                "sha256:e25012eb0c456fcc13354255d0338cd5397cce26c77b2832b3c4e2e255ea5d9a",
                "sha256:e427eee51149edf962203ff8db75a7514ab89be5cb623fb9cea1f20b54f1107b",
                "sha256:e6ded41aeba3603f9728ed2b6196e4df875348ab97b28fc8afff115ed42ba7a7",
                "sha256:e7acbaba9703d5de82a2c98ae6a0f59ab9770ab5af5fa35e43a303aee962cf65",
                "sha256:e8269062060212b373316fe69236096aaf4c49022d267c6736eebd66bbbc60bb",
                "sha256:e8547883d7b96ef2e5fe22b88f8a4c8725a56e7f4abafff20fd5272d634c7ecb",
                "sha256:ed53b3d6acbcb0fd0b90f20c7cb3b24c357fe82a3518934d4edfa8c6898e498c",
                "sha256:edb868841f84c111255ba5e80339d386d937ec1fdce419518ce1bd9370fac5b6",
                "sha256:ef2fb241de583934c9915a33120ecc06d94aa3381a134570f59eed784e87001e",
                "sha256:efe1a211fe1fd14762adea941e3cfd6c611a136e28da6c39272dbb7a1bbe6a86",
                "sha256:f5aa5427a629a824a543672778c9ce0c5e556550d1569bb6ea28a85015287626",
                "sha256:f8c593c6e71c07866ec6bfb790e202a833eeec885022296aff6b9e0b92d6a70e",
                "sha256:f8ec0259d3f26c62aed4d73b198c53e316ae11f0f69c8fbe6682c6dcfa0fcce2",
                "sha256:fd990541982a24281d12b67a335e44f117e4c6cbad3c3b75c7dea68bf4ce3a67"
            ],
            "markers": "python_version >= '3.9'",
            "version": "==0.12.0"
        },
        "numpy": {
            "hashes": [
                "sha256:0093e85df2960d7e4049664b26afc58b03236e967fb942354deef3208857a04c",
                "sha256:09aa8a87e45b55a1c2c205d42e2808849ece5c484b2aab11fecabec3841cafba",
                "sha256:0cce2a669e3c8ba02ee563c7835f92c153cf02edff1ae05e1823f1dde21b16a5",
                "sha256:0e6e8f9d9ecf95399982019c01223dc130542960a12edfa8edd1122dfa66a8a8",
                "sha256:0f118ce6b972080ba0758c6087c3617b5ba243d806268623dc34216d69099ba0",
                "sha256:178de8f87948163d98a4c9ab5bee4ce6519ca918926ec8df195af582de28544d",
                "sha256:18e14c4d09d55eef39a6ab5b08406e84bc6869c1e34eef45564804f90b7e0574",
                "sha256:2023ef86243690c2791fd6353e5b4848eedaa88ca8a2d129f462049f6d484696",
                "sha256:20d4649c773f66cc2fc36f663e091f57c3b7655f936a4c681b4250855d1da8f5",
                "sha256:2302dc0224c1cbc49bb94f7064f3f923a971bfae45c33870dcbff63a2a550505",
                "sha256:26f0bcd9c79a00e339565b303badc74d3ea2bd6d52191eeca5f95936cad107d0",
                "sha256:297c72b1b98100c2e8f873d5d35fb551fce7040ade83d67dd51d38c8d42a2162",
                "sha256:2f44de05659b67d20499cbc96d49f2650769afcb398b79b324bb6e297bfe3844",
                "sha256:2ffd257026eb1b34352e749d7cc1678b5eeec3e329ad8c9965a797e08ccba205",
                "sha256:382ad67d99ef49024f11d1ce5dcb5ad8432446e4246a4b014418ba3a1175a1f4",
                "sha256:3869ea1ee1a1edc16c29bbe3a2f2a4e515cc3a44d43903ad41e0cacdbaf733dc",
                "sha256:3d1a100e48cb266090a031397863ff8a30050ceefd798f686ff92c67a486753d",
                "sha256:423797bdab2eeefbe608d7c1ec7b2b4fd3c58d51460f1ee26c7500a1d9c9ee93",
                "sha256:42d7dd5fa36d16d52a84f821eb96031836fd405ee6955dd732f2023724d0aa01",
                "sha256:49e792ec351315e16da54b543db06ca8a86985ab682602d90c60ef4ff4db2a9c",
                "sha256:4e53170557d37ae404bf8d542ca5b7c629d6efa1117dac6a83e394142ea0a43f",
                "sha256:4f1b68ff47680c2925f8063402a693ede215f0257f02596b1318ecdfb1d79e33",
                "sha256:4f9c360ecef085e5841c539a9a12b883dff005fbd7ce46722f5e9cef52634d82",
                "sha256:529050522e983e00a6c1c6b67411083630de8b57f65e853d7b03d9281b8694d2",
                "sha256:52b5f61bdb323b566b528899cc7db2ba5d1015bda7ea811a8bcf3c89c331fa42",
                "sha256:538bf4ec353709c765ff75ae616c34d3c3dca1a68312727e8f2676ea644f8509",
                "sha256:5adf01965456a664fc727ed69cc71848f28d063217c63e1a0e200a118d5eec9a",
                "sha256:5b55aa56165b17aaf15520beb9cbd33c9039810e0d9643dd4379e44294c7303e",
                "sha256:5d558123217a83b2d1ba316b986e9248a1ed1971ad495963d555ccd75dcb1556",
                "sha256:5de60946f14ebe15e713a6f22850c2372fa72f4ff9a432ab44aa90edcadaa65a",
                "sha256:62fea415f83ad8fdb6c20840578e5fbaf5ddd65e0ec6c3c47eda0f69da172510",
                "sha256:6436cffb4f2bf26c974344439439c95e152c9a527013f26b3577be6c2ca64295",
                "sha256:6461de5113088b399d655d45c3897fa188766415d0f568f175ab071c8873bd73",
                "sha256:69e7419c9012c4aaf695109564e3387f1259f001b4326dfa55907b098af082d3",
                "sha256:71abbea030f2cfc3092a0ff9f8c8fdefdc5e0bf7d9d9c99663538bb0ecdac0b9",
                "sha256:7211b95ca365519d3596a1d8688a95874cc94219d417504d9ecb2df99fa7bfa8",
                "sha256:727c6c3275ddefa0dc078524a85e064c057b4f4e71ca5ca29a19163c607be745",
                "sha256:79e9e06c4c2379db47f3f6fc7a8652e7498251789bf8ff5bd43bf478ef314ca2",
                "sha256:7ad270f438cbdd402c364980317fb6b117d9ec5e226fff5b4148dd9aa9fc6e02",
                "sha256:7d5d7999df434a038d75a748275cd6c0094b0ecdb0837342b332a82defc4dc4d",
                "sha256:8097529164c0f3e32bb89412a0905d9100bf434d9692d9fc275e18dcf53c9344",
                "sha256:82c55962006156aeef1629b953fd359064aa47e4d82cfc8e67f0918f7da3344f",
                "sha256:8361ea4220d763e54cff2fbe7d8c93526b744f7cd9ddab47afeff7e14e8503be",
                "sha256:899d2c18024984814ac7e83f8f49d8e8180e2fbe1b2e252f2e7f1d06bea92425",
                "sha256:8ad35f20be147a204e28b6a0575fbf3540c5e5f802634d4258d55b1ff5facce1",
                "sha256:8f085da926c0d491ffff3096f91078cc97ea67e7e6b65e490bc8dcda65663be2",
                "sha256:9171a42fcad32dcf3fa86f0a4faa5e9f8facefdb276f54b8b390d90447cff4e2",
                "sha256:92a0e65272fd60bfa0d9278e0484c2f52fe03b97aedc02b357f33fe752c52ffb",
                "sha256:941c2a93313d030f219f3a71fd3d91a728b82979a5e8034eb2e60d394a2b83f9",
                "sha256:98b35775e03ab7f868908b524fc0a84d38932d8daf7b7e1c3c3a1b6c7a2c9f15",
                "sha256:a1ceafc5042451a858231588a104093474c6a5c57dcc724841f5c888d237d690",
                "sha256:a73044b752f5d34d4232f25f18160a1cc418ea4507f5f11e299d8ac36875f8a0",
                "sha256:a7870e8c5fc11aef57d6fea4b4085e537a3a60ad2cdd14322ed531fdca68d261",
                "sha256:a92f227dbcdc9e4c3e193add1a189a9909947d4f8504c576f4a732fd0b54240a",
                "sha256:ac08c63cb7779b85e9d5318e6c3518b424bc1f364ac4cb2c6136f12e5ff2dccc",
                "sha256:b6bcf39112e956594b3331316d90c90c90fb961e39696bda97b89462f5f3943f",
                "sha256:c0faba4a331195bfa96f93dd9dfaa10b2c7aa8cda3a02b7fd635e588fe821bf5",
                "sha256:ce9ce141a505053b3c7bce3216071f3bf5c182b8b28930f14cd24d43932cd2df",
                "sha256:cf6470d91d34bf669f61d515499859fa7a4c2f7c36434afb70e82df7217933f9",
                "sha256:d3703409aac693fa82c0aee023a1ae06a6e9d065dba10f5e8e80f642f1e9d0a2",
                "sha256:d3e3087f53e2b4428766b54932644d148613c5a595150533ae7f00dab2f319a8",
                "sha256:d3f8f0df9f4b8be57b3bf74a1d087fec68f927a2fab68231fdb442bf2c12e426",
                "sha256:d797454e37570cfd61143b73b8debd623c3c0952959adb817dd310a483d58a1b",
                "sha256:e1a27bb1b2dee45a2a53f5ca6ff2d1a7f135287883a1689e930d44d1ff296c87",
                "sha256:e3bd2cb07841166420d2fa7146c96ce00cb3410664cbc1a6be028e456c4ee220",
                "sha256:e7b6b5e28bbd47b7532698e5db2fe1db693d84b58c254e4389d99a27bb9b8f6b",
                "sha256:e867df947d427cdd7a60e3e271729090b0f0df80f5f10ab7dd436f40811699c3",
                "sha256:ea66d2b41ca4a1630aae5507ee0a71647d3124d1741980138aa8f28f44dac36e",
                "sha256:edee228f76ee2dab4579fad6f51f6a305de09d444280109e0f75df247ff21501",
                "sha256:f0a90aba7d521e6954670550e561a4cb925713bd944445dbe9e729b71f6cabee",
                "sha256:f93bc6892fe7b0663e5ffa83b61aab510aacffd58c16e012bb9352d489d90cb7",
                "sha256:fb1461c99de4d040666ca0444057b06541e5642f800b71c56e6ea92d6a853a0c"
            ],
            "markers": "python_version >= '3.11'",
            "version": "==2.4.1"
        },
        "openai": {
            "hashes": [
                "sha256:4ca54a847235ac04c6320da70fdc06b62d71439de9ec0aa40d5690c3064d4025",
                "sha256:69bb8032b05c5f00f7660e422f70f9aabc94793b9a30c5f899360ed21e46314f"
            ],
            "index": "pypi",
            "markers": "python_version >= '3.8'",
            "version": "==1.107.3"
        },
        "partial-json-parser": {
            "hashes": [
                "sha256:145119e5eabcf80cbb13844a6b50a85c68bf99d376f8ed771e2a3c3b03e653ae",
                "sha256:86590e1ba6bcb6739a2dfc17d2323f028cb5884f4c6ce23db376999132c9a922"
            ],
            "index": "pypi",
            "markers": "python_version >= '3.6'",
            "version": "==0.2.1.1.post7"
        },
        "pydantic": {
            "hashes": [
                "sha256:4d351024c75c0f085a9febbb665ce8c0c6ec5d30e903bdb6394b7ede26aebb49",
                "sha256:e561593fccf61e8a20fc46dfc2dfe075b8be7d0188df33f221ad1f0139180f9d"
            ],
            "markers": "python_version >= '3.9'",
            "version": "==2.12.5"
        },
        "pydantic-core": {
            "hashes": [
                "sha256:0177272f88ab8312479336e1d777f6b124537d47f2123f89cb37e0accea97f90",
                "sha256:01a3d0ab748ee531f4ea6c3e48ad9dac84ddba4b0d82291f87248f2f9de8d740",
                "sha256:0384e2e1021894b1ff5a786dbf94771e2986ebe2869533874d7e43bc79c6f504",
                "sha256:03b77d184b9eb40240ae9fd676ca364ce1085f203e1b1256f8ab9984dca80a84",
                "sha256:03ca43e12fab6023fc79d28ca6b39b05f794ad08ec2feccc59a339b02f2b3d33",
                "sha256:05a2c8852530ad2812cb7914dc61a1125dc4e06252ee98e5638a12da6cc6fb6c",
                "sha256:070259a8818988b9a84a449a2a7337c7f430a22acc0859c6b110aa7212a6d9c0",
                "sha256:08daa51ea16ad373ffd5e7606252cc32f07bc72b28284b6bc9c6df804816476e",
                "sha256:0cbaad15cb0c90aa221d43c00e77bb33c93e8d36e0bf74760cd00e732d10a6a0",
                "sha256:100baa204bb412b74fe285fb0f3a385256dad1d1879f0a5cb1499ed2e83d132a",
                "sha256:112e305c3314f40c93998e567879e887a3160bb8689ef3d2c04b6cc62c33ac34",
                "sha256:16f80f7abe3351f8ea6858914ddc8c77e02578544a0ebc15b4c2e1a0e813b0b2",
                "sha256:1746d4a3d9a794cacae06a5eaaccb4b8643a131d45fbc9af23e353dc0a5ba5c3",
                "sha256:1962293292865bca8e54702b08a4f26da73adc83dd1fcf26fbc875b35d81c815",
                "sha256:1d1d9764366c73f996edd17abb6d9d7649a7eb690006ab6adbda117717099b14",
                "sha256:1f8d33a7f4d5a7889e60dc39856d76d09333d8a6ed0f5f1190635cbec70ec4ba",
                "sha256:22f0fb8c1c583a3b6f24df2470833b40207e907b90c928cc8d3594b76f874375",
                "sha256:239edca560d05757817c13dc17c50766136d21f7cd0fac50295499ae24f90fdf",
                "sha256:242a206cd0318f95cd21bdacff3fcc3aab23e79bba5cac3db5a841c9ef9c6963",
                "sha256:25e1c2af0fce638d5f1988b686f3b3ea8cd7de5f244ca147c777769e798a9cd1",
                "sha256:266fb4cbf5e3cbd0b53669a6d1b039c45e3ce651fd5442eff4d07c2cc8d66808",
                "sha256:2782c870e99878c634505236d81e5443092fba820f0373997ff75f90f68cd553",
                "sha256:287dad91cfb551c363dc62899a80e9e14da1f0e2b6ebde82c806612ca2a13ef1",
                "sha256:29452c56df2ed968d18d7e21f4ab0ac55e71dc59524872f6fc57dcf4a3249ed2",
                "sha256:299e0a22e7ae2b85c1a57f104538b2656e8ab1873511fd718a1c1c6f149b77b5",
                "sha256:2a5e06546e19f24c6a96a129142a75cee553cc018ffee48a460059b1185f4470",
                "sha256:2b761d210c9ea91feda40d25b4efe82a1707da2ef62901466a42492c028553a2",
                "sha256:2c010c6ded393148374c0f6f0bf89d206bf3217f201faa0635dcd56bd1520f6b",
                "sha256:2ff4321e56e879ee8d2a879501c8e469414d948f4aba74a2d4593184eb326660",
                "sha256:3006c3dd9ba34b0c094c544c6006cc79e87d8612999f1a5d43b769b89181f23c",
                "sha256:33cb885e759a705b426baada1fe68cbb0a2e68e34c5d0d0289a364cf01709093",
                "sha256:346285d28e4c8017da95144c7f3acd42740d637ff41946af5ce6e5e420502dd5",
                "sha256:34a64bc3441dc1213096a20fe27e8e128bd3ff89921706e83c0b1ac971276594",
                "sha256:35b44f37a3199f771c3eaa53051bc8a70cd7b54f333531c59e29fd4db5d15008",
                "sha256:378bec5c66998815d224c9ca994f1e14c0c21cb95d2f52b6021cc0b2a58f2a5a",
                "sha256:3f37a19d7ebcdd20b96485056ba9e8b304e27d9904d233d7b1015db320e51f0a",
                "sha256:3f84d5c1b4ab906093bdc1ff10484838aca54ef08de4afa9de0f5f14d69639cd",
                "sha256:4009935984bd36bd2c774e13f9a09563ce8de4abaa7226f5108262fa3e637284",
                "sha256:406bf18d345822d6c21366031003612b9c77b3e29ffdb0f612367352aab7d586",
                "sha256:4819fa52133c9aa3c387b3328f25c1facc356491e6135b459f1de698ff64d869",
                "sha256:482c982f814460eabe1d3bb0adfdc583387bd4691ef00b90575ca0d2b6fe2294",
                "sha256:4bc36bbc0b7584de96561184ad7f012478987882ebf9f9c389b23f432ea3d90f",
                "sha256:506d766a8727beef16b7adaeb8ee6217c64fc813646b424d0804d67c16eddb66",
                "sha256:56121965f7a4dc965bff783d70b907ddf3d57f6eba29b6d2e5dabfaf07799c51",
                "sha256:58133647260ea01e4d0500089a8c4f07bd7aa6ce109682b1426394988d8aaacc",
                "sha256:5921a4d3ca3aee735d9fd163808f5e8dd6c6972101e4adbda9a4667908849b97",
                "sha256:5a4e67afbc95fa5c34cf27d9089bca7fcab4e51e57278d710320a70b956d1b9a",
                "sha256:5cb1b2f9742240e4bb26b652a5aeb840aa4b417c7748b6f8387927bc6e45e40d",
                "sha256:62de39db01b8d593e45871af2af9e497295db8d73b085f6bfd0b18c83c70a8f9",
                "sha256:634e8609e89ceecea15e2d61bc9ac3718caaaa71963717bf3c8f38bfde64242c",
                "sha256:63510af5e38f8955b8ee5687740d6ebf7c2a0886d15a6d65c32814613681bc07",
                "sha256:650ae77860b45cfa6e2cdafc42618ceafab3a2d9a3811fcfbd3bbf8ac3c40d36",
                "sha256:6561e94ba9dacc9c61bce40e2d6bdc3bfaa0259d3ff36ace3b1e6901936d2e3e",
                "sha256:65840751b72fbfd82c3c640cff9284545342a4f1eb1586ad0636955b261b0b05",
                "sha256:6cb58b9c66f7e4179a2d5e0f849c48eff5c1fca560994d6eb6543abf955a149e",
                "sha256:6f52298fbd394f9ed112d56f3d11aabd0d5bd27beb3084cc3d8ad069483b8941",
                "sha256:707625ef0983fcfb461acfaf14de2067c5942c6bb0f3b4c99158bed6fedd3cf3",
                "sha256:72f6c8b11857a856bcfa48c86f5368439f74453563f951e473514579d44aa612",
                "sha256:753e230374206729bf0a807954bcc6c150d3743928a73faffee51ac6557a03c3",
                "sha256:76d0819de158cd855d1cbb8fcafdf6f5cf1eb8e470abe056d5d161106e38062b",
                "sha256:76ee27c6e9c7f16f47db7a94157112a2f3a00e958bc626e2f4ee8bec5c328fbe",
                "sha256:77b63866ca88d804225eaa4af3e664c5faf3568cea95360d21f4725ab6e07146",
                "sha256:79ec52ec461e99e13791ec6508c722742ad745571f234ea6255bed38c6480f11",
                "sha256:7b93a4d08587e2b7e7882de461e82b6ed76d9026ce91ca7915e740ecc7855f60",
                "sha256:7da7087d756b19037bc2c06edc6c170eeef3c3bafcb8f532ff17d64dc427adfd",
                "sha256:7f3bf998340c6d4b0c9a2f02d6a400e51f123b59565d74dc60d252ce888c260b",
                "sha256:80aa89cad80b32a912a65332f64a4450ed00966111b6615ca6816153d3585a8c",
                "sha256:8566def80554c3faa0e65ac30ab0932b9e3a5cd7f8323764303d468e5c37595a",
                "sha256:873e0d5b4fb9b89ef7c2d2a963ea7d02879d9da0da8d9d4933dee8ee86a8b460",
                "sha256:88942d3a3dff3afc8288c21e565e476fc278902ae4d6d134f1eeda118cc830b1",
                "sha256:8bfeaf8735be79f225f3fefab7f941c712aaca36f1128c9d7e2352ee1aa87bdf",
                "sha256:8e7c86f27c585ef37c35e56a96363ab8de4e549a95512445b85c96d3e2f7c1bf",
                "sha256:915c3d10f81bec3a74fbd4faebe8391013ba61e5a1a8d48c4455b923bdda7858",
                "sha256:93e8740d7503eb008aa2df04d3b9735f845d43ae845e6dcd2be0b55a2da43cd2",
                "sha256:941103c9be18ac8daf7b7adca8228f8ed6bb7a1849020f643b3a14d15b1924d9",
                "sha256:97aeba56665b4c3235a0e52b2c2f5ae9cd071b8a8310ad27bddb3f7fb30e9aa2",
                "sha256:a39455728aabd58ceabb03c90e12f71fd30fa69615760a075b9fec596456ccc3",
                "sha256:a3a52f6156e73e7ccb0f8cced536adccb7042be67cb45f9562e12b319c119da6",
                "sha256:a668ce24de96165bb239160b3d854943128f4334822900534f2fe947930e5770",
                "sha256:a75dafbf87d6276ddc5b2bf6fae5254e3d0876b626eb24969a574fff9149ee5d",
                "sha256:aabf5777b5c8ca26f7824cb4a120a740c9588ed58df9b2d196ce92fba42ff8dc",
                "sha256:aec5cf2fd867b4ff45b9959f8b20ea3993fc93e63c7363fe6851424c8a7e7c23",
                "sha256:b2379fa7ed44ddecb5bfe4e48577d752db9fc10be00a6b7446e9663ba143de26",
                "sha256:b4ececa40ac28afa90871c2cc2b9ffd2ff0bf749380fbdf57d165fd23da353aa",
                "sha256:b5819cd790dbf0c5eb9f82c73c16b39a65dd6dd4d1439dcdea7816ec9adddab8",
                "sha256:b74557b16e390ec12dca509bce9264c3bbd128f8a2c376eaa68003d7f327276d",
                "sha256:b80aa5095cd3109962a298ce14110ae16b8c1aece8b72f9dafe81cf597ad80b3",
                "sha256:b93590ae81f7010dbe380cdeab6f515902ebcbefe0b9327cc4804d74e93ae69d",
                "sha256:b96d5f26b05d03cc60f11a7761a5ded1741da411e7fe0909e27a5e6a0cb7b034",
                "sha256:bd3d54f38609ff308209bd43acea66061494157703364ae40c951f83ba99a1a9",
                "sha256:bfea2a5f0b4d8d43adf9d7b8bf019fb46fdd10a2e5cde477fbcb9d1fa08c68e1",
                "sha256:c007fe8a43d43b3969e8469004e9845944f1a80e6acd47c150856bb87f230c56",
                "sha256:c1df3d34aced70add6f867a8cf413e299177e0c22660cc767218373d0779487b",
                "sha256:c23e27686783f60290e36827f9c626e63154b82b116d7fe9adba1fda36da706c",
                "sha256:c8d8b4eb992936023be7dee581270af5c6e0697a8559895f527f5b7105ecd36a",
                "sha256:c9e19dd6e28fdcaa5a1de679aec4141f691023916427ef9bae8584f9c2fb3b0e",
                "sha256:d0d2568a8c11bf8225044aa94409e21da0cb09dcdafe9ecd10250b2baad531a9",
                "sha256:d38548150c39b74aeeb0ce8ee1d8e82696f4a4e16ddc6de7b1d8823f7de4b9b5",
                "sha256:d3a978c4f57a597908b7e697229d996d77a6d3c94901e9edee593adada95ce1a",
                "sha256:d5160812ea7a8a2ffbe233d8da666880cad0cbaf5d4de74ae15c313213d62556",
                "sha256:dc799088c08fa04e43144b164feb0c13f9a0bc40503f8df3e9fde58a3c0c101e",
                "sha256:df3959765b553b9440adfd3c795617c352154e497a4eaf3752555cfb5da8fc49",
                "sha256:dfa8a0c812ac681395907e71e1274819dec685fec28273a28905df579ef137e2",
                "sha256:e25c479382d26a2a41b7ebea1043564a937db462816ea07afa8a44c0866d52f9",
                "sha256:e4f4a984405e91527a0d62649ee21138f8e3d0ef103be488c1dc11a80d7f184b",
                "sha256:e536c98a7626a98feb2d3eaf75944ef6f3dbee447e1f841eae16f2f0a72d8ddc",
                "sha256:e56ba91f47764cc14f1daacd723e3e82d1a89d783f0f5afe9c364b8bb491ccdb",
                "sha256:e672ba74fbc2dc8eea59fb6d4aed6845e6905fc2a8afe93175d94a83ba2a01a0",
                "sha256:e7b576130c69225432866fe2f4a469a85a54ade141d96fd396dffcf607b558f8",
                "sha256:e8465ab91a4bd96d36dde3263f06caa6a8a6019e4113f24dc753d79a8b3a3f82",
                "sha256:e96cea19e34778f8d59fe40775a7a574d95816eb150850a85a7a4c8f4b94ac69",
                "sha256:ece5c59f0ce7d001e017643d8d24da587ea1f74f6993467d85ae8a5ef9d4f42b",
                "sha256:eceb81a8d74f9267ef4081e246ffd6d129da5d87e37a77c9bde550cb04870c1c",
                "sha256:ed2e99c456e3fadd05c991f8f437ef902e00eedf34320ba2b0842bd1c3ca3a75",
                "sha256:f0cd744688278965817fd0839c4a4116add48d23890d468bc436f78beb28abf5",
                "sha256:f14f8f046c14563f8eb3f45f499cc658ab8d10072961e07225e507adb700e93f",
                "sha256:f15489ba13d61f670dcc96772e733aad1a6f9c429cc27574c6cdaed82d0146ad",
                "sha256:f31d95a179f8d64d90f6831d71fa93290893a33148d890ba15de25642c5d075b",
                "sha256:f41a7489d32336dbf2199c8c0a215390a751c5b014c2c1c5366e817202e9cdf7",
                "sha256:f41eb9797986d6ebac5e8edff36d5cef9de40def462311b3eb3eeded1431e425",
                "sha256:f547144f2966e1e16ae626d8ce72b4cfa0caedc7fa28052001c94fb2fcaa1c52"
            ],
            "markers": "python_version >= '3.9'",
            "version": "==2.41.5"
        },
        "scipy": {
            "hashes": [
                "sha256:0151a0749efeaaab78711c78422d413c583b8cdd2011a3c1d6c794938ee9fdb2",
                "sha256:01e87659402762f43bd2fee13370553a17ada367d42e7487800bf2916535aecb",
                "sha256:03192a35e661470197556de24e7cb1330d84b35b94ead65c46ad6f16f6b28f2a",
                "sha256:0553371015692a898e1aa858fed67a3576c34edefa6b7ebdb4e9dde49ce5c203",
                "sha256:062246acacbe9f8210de8e751b16fc37458213f124bef161a5a02c7a39284304",
                "sha256:0c3b4dd3d9b08dbce0f3440032c52e9e2ab9f96ade2d3943313dfe51a7056959",
                "sha256:0c623a54f7b79dd88ef56da19bc2873afec9673a48f3b85b18e4d402bdd29a5a",
                "sha256:16b8bc35a4cc24db80a0ec836a9286d0e31b2503cb2fd7ff7fb0e0374a97081d",
                "sha256:1fb2472e72e24d1530debe6ae078db70fb1605350c88a3d14bc401d6306dbffe",
                "sha256:21d9d6b197227a12dcbf9633320a4e34c6b0e51c57268df255a0942983bac562",
                "sha256:2a207a6ce9c24f1951241f4693ede2d393f59c07abc159b2cb2be980820e01fb",
                "sha256:2b71d93c8a9936046866acebc915e2af2e292b883ed6e2cbe5c34beb094b82d9",
                "sha256:2d1ae2cf0c350e7705168ff2429962a89ad90c2d49d1dd300686d8b2a5af22fc",
                "sha256:3a4c460301fb2cffb7f88528f30b3127742cff583603aa7dc964a52c463b385d",
                "sha256:3d4a07a8e785d80289dfe66b7c27d8634a773020742ec7187b85ccc4b0e7b686",
                "sha256:40be6cf99e68b6c4321e9f8782e7d5ff8265af28ef2cd56e9c9b2638fa08ad97",
                "sha256:4aff59800a3b7f786b70bfd6ab551001cb553244988d7d6b8299cb1ea653b353",
                "sha256:50a3dbf286dbc7d84f176f9a1574c705f277cb6565069f88f60db9eafdbe3ee2",
                "sha256:532fb5ad6a87e9e9cd9c959b106b73145a03f04c7d57ea3e6f6bb60b86ab0876",
                "sha256:53c3844d527213631e886621df5695d35e4f6a75f620dca412bcd292f6b87d78",
                "sha256:56edc65510d1331dae01ef9b658d428e33ed48b4f77b1d51caf479a0253f96dc",
                "sha256:57d01cb6f85e34f0946b33caa66e892aae072b64b034183f3d87c4025802a119",
                "sha256:5803c5fadd29de0cf27fa08ccbfe7a9e5d741bf63e4ab1085437266f12460ff9",
                "sha256:6020470b9d00245926f2d5bb93b119ca0340f0d564eb6fbaad843eaebf9d690f",
                "sha256:63d3cdacb8a824a295191a723ee5e4ea7768ca5ca5f2838532d9f2e2b3ce2135",
                "sha256:663b8d66a8748051c3ee9c96465fb417509315b99c71550fda2591d7dd634234",
                "sha256:72d1717fd3b5e6ec747327ce9bda32d5463f472c9dce9f54499e81fbd50245a1",
                "sha256:7dc1360c06535ea6116a2220f760ae572db9f661aba2d88074fe30ec2aa1ff88",
                "sha256:7f68154688c515cdb541a31ef8eb66d8cd1050605be9dcd74199cbd22ac739bc",
                "sha256:81fc5827606858cf71446a5e98715ba0e11f0dbc83d71c7409d05486592a45d6",
                "sha256:875555ce62743e1d54f06cdf22c1e0bc47b91130ac40fe5d783b6dfa114beeb6",
                "sha256:8b3c820ddb80029fe9f43d61b81d8b488d3ef8ca010d15122b152db77dc94c22",
                "sha256:8be1ca9170fcb6223cc7c27f4305d680ded114a1567c0bd2bfcbf947d1b17511",
                "sha256:8d09d72dc92742988b0e7750bddb8060b0c7079606c0d24a8cc8e9c9c11f9079",
                "sha256:9452781bd879b14b6f055b26643703551320aa8d79ae064a71df55c00286a184",
                "sha256:96491a6a54e995f00a28a3c3badfff58fd093bf26cd5fb34a2188c8c756a3a2c",
                "sha256:9b9c9c07b6d56a35777a1b4cc8966118fb16cfd8daf6743867d17d36cfad2d40",
                "sha256:a8a26c78ef223d3e30920ef759e25625a0ecdd0d60e5a8818b7513c3e5384cf2",
                "sha256:aadd23f98f9cb069b3bd64ddc900c4d277778242e961751f77a8cb5c4b946fb0",
                "sha256:b7180967113560cca57418a7bc719e30366b47959dd845a93206fbed693c867e",
                "sha256:b7c5f1bda1354d6a19bc6af73a649f8285ca63ac6b52e64e658a5a11d4d69800",
                "sha256:b81c27fc41954319a943d43b20e07c40bdcd3ff7cf013f4fb86286faefe546c4",
                "sha256:bb61878c18a470021fb515a843dc7a76961a8daceaaaa8bad1332f1bf4b54657",
                "sha256:bea0a62734d20d67608660f69dcda23e7f90fb4ca20974ab80b6ed40df87a005",
                "sha256:c5192722cffe15f9329a3948c4b1db789fbb1f05c97899187dcf009b283aea70",
                "sha256:c97176013d404c7346bf57874eaac5187d969293bf40497140b0a2b2b7482e07",
                "sha256:cd13e354df9938598af2be05822c323e97132d5e6306b83a3b4ee6724c6e522e",
                "sha256:d2ec56337675e61b312179a1ad124f5f570c00f920cc75e1000025451b88241c",
                "sha256:d3837938ae715fc0fe3c39c0202de3a8853aff22ca66781ddc2ade7554b7e2cc",
                "sha256:d9f48cafc7ce94cf9b15c6bffdc443a81a27bf7075cf2dcd5c8b40f85d10c4e7",
                "sha256:da7763f55885045036fabcebd80144b757d3db06ab0861415d1c3b7c69042146",
                "sha256:deb3841c925eeddb6afc1e4e4a45e418d19ec7b87c5df177695224078e8ec733",
                "sha256:e1d27cbcb4602680a49d787d90664fa4974063ac9d4134813332a8c53dbe667c",
                "sha256:e5d42a9472e7579e473879a1990327830493a7047506d58d73fc429b84c1d49d",
                "sha256:e7efa2681ea410b10dde31a52b18b0154d66f2485328830e45fdf183af5aefc6",
                "sha256:eab43fae33a0c39006a88096cd7b4f4ef545ea0447d250d5ac18202d40b6611d",
                "sha256:f2622206f5559784fa5c4b53a950c3c7c1cf3e84ca1b9c4b6c03f062f289ca26",
                "sha256:f379b54b77a597aa7ee5e697df0d66903e41b9c85a6dd7946159e356319158e8",
                "sha256:f667a4542cc8917af1db06366d3f78a5c8e83badd56409f94d1eac8d8d9133fa",
                "sha256:fb4b29f4cf8cc5a8d628bc8d8e26d12d7278cd1f219f22698a378c3d67db5e4b",
                "sha256:ffa6eea95283b2b8079b821dc11f50a17d0571c92b43e2b5b12764dc5f9b285d"
            ],
            "index": "pypi",
            "markers": "python_version >= '3.11'",
            "version": "==1.16.3"
        },
        "sniffio": {
            "hashes": [
                "sha256:2f6da418d1f1e0fddd844478f41680e794e6051915791a034ff65e5f100525a2",
                "sha256:f4324edc670a0f49750a81b895f35c3adb843cca46f0530f79fc1babb23789dc"
            ],
            "markers": "python_version >= '3.7'",
            "version": "==1.3.1"
        },
        "starlette": {
            "hashes": [
                "sha256:1c14546f299b5901a1ea0e34410575bc33bbd741377a10484a54445588d00284",
                "sha256:b579b99715fdc2980cf88c8ec96d3bf1ce16f5a8051a7c2b84ef9b1cdecaea2f"
            ],
            "index": "pypi",
            "markers": "python_version >= '3.9'",
            "version": "==0.49.3"
        },
        "tqdm": {
            "hashes": [
                "sha256:26445eca388f82e72884e0d580d5464cd801a3ea01e63e5601bdff9ba6a48de2",
                "sha256:f8aef9c52c08c13a65f30ea34f4e5aac3fd1a34959879d7e59e63027286627f2"
            ],
            "markers": "python_version >= '3.7'",
            "version": "==4.67.1"
        },
        "typing-extensions": {
            "hashes": [
                "sha256:0cea48d173cc12fa28ecabc3b837ea3cf6f38c6d1136f85cbaaf598984861466",
                "sha256:f0fa19c6845758ab08074a0cfa8b7aecb71c999ca73d62883bc25cc018c4e548"
            ],
            "markers": "python_version >= '3.9'",
            "version": "==4.15.0"
        },
        "typing-inspection": {
            "hashes": [
                "sha256:4ed1cacbdc298c220f1bd249ed5287caa16f34d44ef4e9c3d0cbad5b521545e7",
                "sha256:ba561c48a67c5958007083d386c3295464928b01faa735ab8547c5692e87f464"
            ],
            "markers": "python_version >= '3.9'",
            "version": "==0.4.2"
        }
    },
    "develop": {}
}
